
Microsoft Visual Studio Solution File, Format Version 12.00
# Visual Studio Version 16
VisualStudioVersion = 16.0.29509.3
MinimumVisualStudioVersion = 10.0.40219.1
Project("{2150E333-8FDC-42A3-9474-1A3956D46DE8}") = "Solution Items", "Solution Items", "{A4224779-C3DA-4B7C-A402-E0B41F27050A}"
EndProject
Project("{9A19103F-16F7-4668-BE54-9A1E7A4F7556}") = "AmpTokenizer", "AmpTokenizer\AmpTokenizer.csproj", "{B06A5B0F-DE5D-46E9-8166-50E470A06B2A}"
EndProject
Project("{9A19103F-16F7-4668-BE54-9A1E7A4F7556}") = "AmpSqlParser", "AmpSqlParser\AmpSqlParser.csproj", "{92F17413-3890-4D73-A688-21B9F220C48D}"
EndProject
Project("{9A19103F-16F7-4668-BE54-9A1E7A4F7556}") = "AmpSqlParser.Tests", "AmpSqlParser.Tests\AmpSqlParser.Tests.csproj", "{10765CBE-65BD-47FE-9CD5-4AC3D61534B9}"
EndProject
Global
	GlobalSection(SolutionConfigurationPlatforms) = preSolution
		Debug|Any CPU = Debug|Any CPU
		Release|Any CPU = Release|Any CPU
	EndGlobalSection
	GlobalSection(ProjectConfigurationPlatforms) = postSolution
		{B06A5B0F-DE5D-46E9-8166-50E470A06B2A}.Debug|Any CPU.ActiveCfg = Debug|Any CPU
		{B06A5B0F-DE5D-46E9-8166-50E470A06B2A}.Debug|Any CPU.Build.0 = Debug|Any CPU
		{B06A5B0F-DE5D-46E9-8166-50E470A06B2A}.Release|Any CPU.ActiveCfg = Release|Any CPU
		{B06A5B0F-DE5D-46E9-8166-50E470A06B2A}.Release|Any CPU.Build.0 = Release|Any CPU
		{92F17413-3890-4D73-A688-21B9F220C48D}.Debug|Any CPU.ActiveCfg = Debug|Any CPU
		{92F17413-3890-4D73-A688-21B9F220C48D}.Debug|Any CPU.Build.0 = Debug|Any CPU
		{92F17413-3890-4D73-A688-21B9F220C48D}.Release|Any CPU.ActiveCfg = Release|Any CPU
		{92F17413-3890-4D73-A688-21B9F220C48D}.Release|Any CPU.Build.0 = Release|Any CPU
		{10765CBE-65BD-47FE-9CD5-4AC3D61534B9}.Debug|Any CPU.ActiveCfg = Debug|Any CPU
		{10765CBE-65BD-47FE-9CD5-4AC3D61534B9}.Debug|Any CPU.Build.0 = Debug|Any CPU
		{10765CBE-65BD-47FE-9CD5-4AC3D61534B9}.Release|Any CPU.ActiveCfg = Release|Any CPU
		{10765CBE-65BD-47FE-9CD5-4AC3D61534B9}.Release|Any CPU.Build.0 = Release|Any CPU
	EndGlobalSection
	GlobalSection(SolutionProperties) = preSolution
		HideSolutionNode = FALSE
	EndGlobalSection
	GlobalSection(ExtensibilityGlobals) = postSolution
		SolutionGuid = {1C3A91C7-F595-4A8A-8C63-A225B387F7ED}
	EndGlobalSection
EndGlobal
